
Microsoft Visual Studio Solution File, Format Version 12.00
# Visual Studio Version 17
VisualStudioVersion = 17.8.34330.188
MinimumVisualStudioVersion = 10.0.40219.1
Project("{9A19103F-16F7-4668-BE54-9A1E7A4F7556}") = "Lab.Gym.Web", "Lab.Gym.Web\Lab.Gym.Web.csproj", "{EEB68AF6-1B65-45A4-91B0-A5A30CB920E6}"
EndProject
Project("{9A19103F-16F7-4668-BE54-9A1E7A4F7556}") = "Lab.Gym.Web.Application", "Lab.Gym.Web.Application\Lab.Gym.Web.Application.csproj", "{B1678F5D-9C8D-4EAD-A848-D6087DCE5B99}"
EndProject
Project("{9A19103F-16F7-4668-BE54-9A1E7A4F7556}") = "Lab.Gym.Web.Domain", "Lab.Gym.Web.Domain\Lab.Gym.Web.Domain.csproj", "{681E47D7-62A8-4AF9-8D12-7DC73282CBA8}"
EndProject
Project("{9A19103F-16F7-4668-BE54-9A1E7A4F7556}") = "Lab.Gym.Web.Repository", "Lab.Gym.Web.Repository\Lab.Gym.Web.Repository.csproj", "{EB93C629-B0E0-4E80-8E11-9E26A56B5EC3}"
EndProject
Global
	GlobalSection(SolutionConfigurationPlatforms) = preSolution
		Debug|Any CPU = Debug|Any CPU
		Release|Any CPU = Release|Any CPU
	EndGlobalSection
	GlobalSection(ProjectConfigurationPlatforms) = postSolution
		{EEB68AF6-1B65-45A4-91B0-A5A30CB920E6}.Debug|Any CPU.ActiveCfg = Debug|Any CPU
		{EEB68AF6-1B65-45A4-91B0-A5A30CB920E6}.Debug|Any CPU.Build.0 = Debug|Any CPU
		{EEB68AF6-1B65-45A4-91B0-A5A30CB920E6}.Release|Any CPU.ActiveCfg = Release|Any CPU
		{EEB68AF6-1B65-45A4-91B0-A5A30CB920E6}.Release|Any CPU.Build.0 = Release|Any CPU
		{B1678F5D-9C8D-4EAD-A848-D6087DCE5B99}.Debug|Any CPU.ActiveCfg = Debug|Any CPU
		{B1678F5D-9C8D-4EAD-A848-D6087DCE5B99}.Debug|Any CPU.Build.0 = Debug|Any CPU
		{B1678F5D-9C8D-4EAD-A848-D6087DCE5B99}.Release|Any CPU.ActiveCfg = Release|Any CPU
		{B1678F5D-9C8D-4EAD-A848-D6087DCE5B99}.Release|Any CPU.Build.0 = Release|Any CPU
		{681E47D7-62A8-4AF9-8D12-7DC73282CBA8}.Debug|Any CPU.ActiveCfg = Debug|Any CPU
		{681E47D7-62A8-4AF9-8D12-7DC73282CBA8}.Debug|Any CPU.Build.0 = Debug|Any CPU
		{681E47D7-62A8-4AF9-8D12-7DC73282CBA8}.Release|Any CPU.ActiveCfg = Release|Any CPU
		{681E47D7-62A8-4AF9-8D12-7DC73282CBA8}.Release|Any CPU.Build.0 = Release|Any CPU
		{EB93C629-B0E0-4E80-8E11-9E26A56B5EC3}.Debug|Any CPU.ActiveCfg = Debug|Any CPU
		{EB93C629-B0E0-4E80-8E11-9E26A56B5EC3}.Debug|Any CPU.Build.0 = Debug|Any CPU
		{EB93C629-B0E0-4E80-8E11-9E26A56B5EC3}.Release|Any CPU.ActiveCfg = Release|Any CPU
		{EB93C629-B0E0-4E80-8E11-9E26A56B5EC3}.Release|Any CPU.Build.0 = Release|Any CPU
	EndGlobalSection
	GlobalSection(SolutionProperties) = preSolution
		HideSolutionNode = FALSE
	EndGlobalSection
	GlobalSection(ExtensibilityGlobals) = postSolution
		SolutionGuid = {C714C527-EEF7-4E26-807B-22380C8F003A}
	EndGlobalSection
EndGlobal
